{
  "version": "5",
  "specifiers": {
    "jsr:@hono/hono@*": "4.11.4",
    "jsr:@hono/hono@4": "4.11.4",
    "jsr:@std/assert@1": "1.0.16",
    "jsr:@std/internal@^1.0.12": "1.0.12"
  },
  "jsr": {
    "@hono/hono@4.11.4": {
      "integrity": "aaf7b9d5a6b2422b0778c091b712ee1f018bc7e82138067d21eb27d7c2e1f5be"
    },
    "@std/assert@1.0.16": {
      "integrity": "6a7272ed1eaa77defe76e5ff63ca705d9c495077e2d5fd0126d2b53fc5bd6532",
      "dependencies": [
        "jsr:@std/internal"
      ]
    },
    "@std/internal@1.0.12": {
      "integrity": "972a634fd5bc34b242024402972cd5143eac68d8dffaca5eaa4dba30ce17b027"
    }
  },
  "workspace": {
    "dependencies": [
      "jsr:@hono/hono@4",
      "jsr:@std/assert@1"
    ]
  }
}
